
Microsoft Visual Studio Solution File, Format Version 12.00
# Visual Studio Version 16
VisualStudioVersion = 16.0.28711.60
MinimumVisualStudioVersion = 10.0.40219.1
Project("{FAE04EC0-301F-11D3-BF4B-00C04F79EFBC}") = "TaskParallelLibrary.DataflowPipeline", "TaskParallelLibrary.DataflowPipeline\TaskParallelLibrary.DataflowPipeline.csproj", "{38CFC10B-2728-4CF5-B801-7BDF2CA38DB5}"
EndProject
Global
	GlobalSection(SolutionConfigurationPlatforms) = preSolution
		Debug|Any CPU = Debug|Any CPU
		Release|Any CPU = Release|Any CPU
	EndGlobalSection
	GlobalSection(ProjectConfigurationPlatforms) = postSolution
		{38CFC10B-2728-4CF5-B801-7BDF2CA38DB5}.Debug|Any CPU.ActiveCfg = Debug|Any CPU
		{38CFC10B-2728-4CF5-B801-7BDF2CA38DB5}.Debug|Any CPU.Build.0 = Debug|Any CPU
		{38CFC10B-2728-4CF5-B801-7BDF2CA38DB5}.Release|Any CPU.ActiveCfg = Release|Any CPU
		{38CFC10B-2728-4CF5-B801-7BDF2CA38DB5}.Release|Any CPU.Build.0 = Release|Any CPU
	EndGlobalSection
	GlobalSection(SolutionProperties) = preSolution
		HideSolutionNode = FALSE
	EndGlobalSection
	GlobalSection(ExtensibilityGlobals) = postSolution
		SolutionGuid = {0C9E12BB-545E-4476-85AB-2C187C91FFF7}
	EndGlobalSection
EndGlobal
